<?xml version="1.0" encoding="utf-8"?>
<Project ToolsVersion="4.0" xmlns="http://schemas.microsoft.com/developer/msbuild/2003">
  <ItemGroup>
    <Filter Include="Platform">
      <UniqueIdentifier>{2AC788B4-1694-E3BF-3FAD-D1672BD9184E}</UniqueIdentifier>
    </Filter>
    <Filter Include="Platform\GUI">
      <UniqueIdentifier>{3E4BA7CC-2AAE-3671-D333-6F27BF7502F4}</UniqueIdentifier>
    </Filter>
    <Filter Include="Platform\GUI\Walnut">
      <UniqueIdentifier>{E8D410A0-5436-EEAD-DDA3-34604904256D}</UniqueIdentifier>
    </Filter>
    <Filter Include="Platform\GUI\Walnut\ImGui">
      <UniqueIdentifier>{12582FDC-7E1A-6366-C7CA-F1F233CC3B44}</UniqueIdentifier>
    </Filter>
    <Filter Include="Platform\GUI\Walnut\Input">
      <UniqueIdentifier>{E79230DC-5355-6466-9C05-F3F208073D44}</UniqueIdentifier>
    </Filter>
    <Filter Include="Platform\GUI\Walnut\UI">
      <UniqueIdentifier>{155FD0DA-0159-F92C-EAC5-8F3DD65E5F99}</UniqueIdentifier>
    </Filter>
    <Filter Include="Source">
      <UniqueIdentifier>{56EB95D1-428D-C0A7-2B48-D4FB178947F8}</UniqueIdentifier>
    </Filter>
    <Filter Include="Source\Walnut">
      <UniqueIdentifier>{006A7758-6C2A-F38E-3565-3C0CA1E4376B}</UniqueIdentifier>
    </Filter>
    <Filter Include="Source\Walnut\Core">
      <UniqueIdentifier>{58CE2281-44B2-E3D6-AD12-DE299915CE58}</UniqueIdentifier>
    </Filter>
    <Filter Include="Source\Walnut\Serialization">
      <UniqueIdentifier>{8D42A76D-F94F-D553-8236-D13EEE42A10A}</UniqueIdentifier>
    </Filter>
    <Filter Include="Source\Walnut\Utils">
      <UniqueIdentifier>{60EBC4A6-CC4C-A2B4-55BA-E866C11AD973}</UniqueIdentifier>
    </Filter>
  </ItemGroup>
  <ItemGroup>
    <ClInclude Include="Platform\GUI\Walnut\ApplicationGUI.h">
      <Filter>Platform\GUI\Walnut</Filter>
    </ClInclude>
    <ClInclude Include="Platform\GUI\Walnut\ImGui\ImGuiTheme.h">
      <Filter>Platform\GUI\Walnut\ImGui</Filter>
    </ClInclude>
    <ClInclude Include="Platform\GUI\Walnut\Image.h">
      <Filter>Platform\GUI\Walnut</Filter>
    </ClInclude>
    <ClInclude Include="Platform\GUI\Walnut\Input\Input.h">
      <Filter>Platform\GUI\Walnut\Input</Filter>
    </ClInclude>
    <ClInclude Include="Platform\GUI\Walnut\Input\KeyCodes.h">
      <Filter>Platform\GUI\Walnut\Input</Filter>
    </ClInclude>
    <ClInclude Include="Platform\GUI\Walnut\UI\Console.h">
      <Filter>Platform\GUI\Walnut\UI</Filter>
    </ClInclude>
    <ClInclude Include="Platform\GUI\Walnut\UI\UI.h">
      <Filter>Platform\GUI\Walnut\UI</Filter>
    </ClInclude>
    <ClInclude Include="Source\Walnut\Application.h">
      <Filter>Source\Walnut</Filter>
    </ClInclude>
    <ClInclude Include="Source\Walnut\Core\Assert.h">
      <Filter>Source\Walnut\Core</Filter>
    </ClInclude>
    <ClInclude Include="Source\Walnut\Core\Buffer.h">
      <Filter>Source\Walnut\Core</Filter>
    </ClInclude>
    <ClInclude Include="Source\Walnut\Core\Log.h">
      <Filter>Source\Walnut\Core</Filter>
    </ClInclude>
    <ClInclude Include="Source\Walnut\Core\LogCustomFormatters.h">
      <Filter>Source\Walnut\Core</Filter>
    </ClInclude>
    <ClInclude Include="Source\Walnut\EntryPoint.h">
      <Filter>Source\Walnut</Filter>
    </ClInclude>
    <ClInclude Include="Source\Walnut\Layer.h">
      <Filter>Source\Walnut</Filter>
    </ClInclude>
    <ClInclude Include="Source\Walnut\Random.h">
      <Filter>Source\Walnut</Filter>
    </ClInclude>
    <ClInclude Include="Source\Walnut\Serialization\BufferStream.h">
      <Filter>Source\Walnut\Serialization</Filter>
    </ClInclude>
    <ClInclude Include="Source\Walnut\Serialization\FileStream.h">
      <Filter>Source\Walnut\Serialization</Filter>
    </ClInclude>
    <ClInclude Include="Source\Walnut\Serialization\StreamReader.h">
      <Filter>Source\Walnut\Serialization</Filter>
    </ClInclude>
    <ClInclude Include="Source\Walnut\Serialization\StreamWriter.h">
      <Filter>Source\Walnut\Serialization</Filter>
    </ClInclude>
    <ClInclude Include="Source\Walnut\Timer.h">
      <Filter>Source\Walnut</Filter>
    </ClInclude>
    <ClInclude Include="Source\Walnut\Utils\StringUtils.h">
      <Filter>Source\Walnut\Utils</Filter>
    </ClInclude>
  </ItemGroup>
  <ItemGroup>
    <ClCompile Include="Platform\GUI\Walnut\ApplicationGUI.cpp">
      <Filter>Platform\GUI\Walnut</Filter>
    </ClCompile>
    <ClCompile Include="Platform\GUI\Walnut\ImGui\ImGuiBuild.cpp">
      <Filter>Platform\GUI\Walnut\ImGui</Filter>
    </ClCompile>
    <ClCompile Include="Platform\GUI\Walnut\ImGui\ImGuiTheme.cpp">
      <Filter>Platform\GUI\Walnut\ImGui</Filter>
    </ClCompile>
    <ClCompile Include="Platform\GUI\Walnut\Image.cpp">
      <Filter>Platform\GUI\Walnut</Filter>
    </ClCompile>
    <ClCompile Include="Platform\GUI\Walnut\Input\Input.cpp">
      <Filter>Platform\GUI\Walnut\Input</Filter>
    </ClCompile>
    <ClCompile Include="Platform\GUI\Walnut\UI\Console.cpp">
      <Filter>Platform\GUI\Walnut\UI</Filter>
    </ClCompile>
    <ClCompile Include="Platform\GUI\Walnut\UI\UI.cpp">
      <Filter>Platform\GUI\Walnut\UI</Filter>
    </ClCompile>
    <ClCompile Include="Source\Walnut\Core\Log.cpp">
      <Filter>Source\Walnut\Core</Filter>
    </ClCompile>
    <ClCompile Include="Source\Walnut\Random.cpp">
      <Filter>Source\Walnut</Filter>
    </ClCompile>
    <ClCompile Include="Source\Walnut\Serialization\BufferStream.cpp">
      <Filter>Source\Walnut\Serialization</Filter>
    </ClCompile>
    <ClCompile Include="Source\Walnut\Serialization\FileStream.cpp">
      <Filter>Source\Walnut\Serialization</Filter>
    </ClCompile>
    <ClCompile Include="Source\Walnut\Serialization\StreamReader.cpp">
      <Filter>Source\Walnut\Serialization</Filter>
    </ClCompile>
    <ClCompile Include="Source\Walnut\Serialization\StreamWriter.cpp">
      <Filter>Source\Walnut\Serialization</Filter>
    </ClCompile>
    <ClCompile Include="Source\Walnut\Utils\StringUtils.cpp">
      <Filter>Source\Walnut\Utils</Filter>
    </ClCompile>
  </ItemGroup>
</Project>