<?xml version="1.0" encoding="utf-8"?>
<Project ToolsVersion="4.0" xmlns="http://schemas.microsoft.com/developer/msbuild/2003">
  <ItemGroup>
    <ClCompile Include="src\WalnutApp.cpp" />
    <ClCompile Include="src\includes\Utils.cpp">
      <Filter>Utils</Filter>
    </ClCompile>
    <ClCompile Include="src\includes\UI.cpp" />
    <ClCompile Include="src\includes\Steam.cpp">
      <Filter>Steam</Filter>
    </ClCompile>
  </ItemGroup>
  <ItemGroup>
    <ClInclude Include="src\includes\globals.hpp">
      <Filter>hpp</Filter>
    </ClInclude>
    <ClInclude Include="src\includes\json.hpp">
      <Filter>hpp</Filter>
    </ClInclude>
    <ClInclude Include="src\includes\ManifestParser.hpp">
      <Filter>hpp</Filter>
    </ClInclude>
    <ClInclude Include="src\includes\thumbnail.h">
      <Filter>hpp</Filter>
    </ClInclude>
    <ClInclude Include="src\includes\Utils.hpp">
      <Filter>Utils</Filter>
    </ClInclude>
    <ClInclude Include="src\includes\window_icon.h">
      <Filter>hpp</Filter>
    </ClInclude>
    <ClInclude Include="src\includes\UI.hpp" />
    <ClInclude Include="src\includes\Steam.hpp">
      <Filter>Steam</Filter>
    </ClInclude>
    <ClInclude Include="src\includes\Includes.hpp" />
  </ItemGroup>
  <ItemGroup>
    <Filter Include="hpp">
      <UniqueIdentifier>{fe5df8a8-540a-434f-a8c5-cafdbb2972c0}</UniqueIdentifier>
    </Filter>
    <Filter Include="Steam">
      <UniqueIdentifier>{ae881d62-d530-420a-b3ae-194ce9655062}</UniqueIdentifier>
    </Filter>
    <Filter Include="Resources">
      <UniqueIdentifier>{2f9c3ec3-cee4-4dfb-985c-e969e5d49a28}</UniqueIdentifier>
    </Filter>
    <Filter Include="Utils">
      <UniqueIdentifier>{afb647c0-eb12-444a-9f95-b0e13326e993}</UniqueIdentifier>
    </Filter>
  </ItemGroup>
  <ItemGroup>
    <ResourceCompile Include="WalnutApp.rc" />
  </ItemGroup>
</Project>