<?xml version="1.0" encoding="utf-8"?>
<Project ToolsVersion="4.0" xmlns="http://schemas.microsoft.com/developer/msbuild/2003">
  <ItemGroup>
    <ClCompile Include="src\WalnutApp.cpp" />
    <ClCompile Include="Steam.cpp">
      <Filter>Steam</Filter>
    </ClCompile>
  </ItemGroup>
  <ItemGroup>
    <ClInclude Include="json.hpp">
      <Filter>hpp</Filter>
    </ClInclude>
    <ClInclude Include="Steam.h">
      <Filter>Steam</Filter>
    </ClInclude>
    <ClInclude Include="utils.hpp" />
    <ClInclude Include="resource.h" />
    <ClInclude Include="thumbnail.h" />
  </ItemGroup>
  <ItemGroup>
    <Filter Include="hpp">
      <UniqueIdentifier>{fe5df8a8-540a-434f-a8c5-cafdbb2972c0}</UniqueIdentifier>
    </Filter>
    <Filter Include="Steam">
      <UniqueIdentifier>{ae881d62-d530-420a-b3ae-194ce9655062}</UniqueIdentifier>
    </Filter>
  </ItemGroup>
  <ItemGroup>
    <Image Include="GameManager-Icon.ico" />
    <Image Include="GameManager-Icon.png" />
  </ItemGroup>
  <ItemGroup>
    <ResourceCompile Include="WalnutApp.rc" />
  </ItemGroup>
</Project>